// !$*UTF8*$!
{
	archiveVersion = 1;
	classes = {
	};
	objectVersion = 46;
	objects = {

/* Begin PBXBuildFile section */
		28CB6BA43F43C79EC960B35A /* Pods_BeatDropN.framework in Frameworks */ = {isa = PBXBuildFile; fileRef = F8C82462D5C88F48A009C4E8 /* Pods_BeatDropN.framework */; };
		7A4E91F29CF0254D0304D9EB /* Pods_BeatDropNUITests.framework in Frameworks */ = {isa = PBXBuildFile; fileRef = ACAE9111D7F47A53F446FAD7 /* Pods_BeatDropNUITests.framework */; };
		929BC2169F5CBE68D6BDE53D /* Pods_BeatDropNTests.framework in Frameworks */ = {isa = PBXBuildFile; fileRef = D10FA0965EB90C468399C60E /* Pods_BeatDropNTests.framework */; };
		D30FA2ED1D3B3E1500B957BD /* AppStartupManager.swift in Sources */ = {isa = PBXBuildFile; fileRef = D30FA2EC1D3B3E1500B957BD /* AppStartupManager.swift */; };
		D30FA2F21D3B436200B957BD /* Main.xib in Resources */ = {isa = PBXBuildFile; fileRef = D30FA2F11D3B436200B957BD /* Main.xib */; };
		D30FA2F41D3B43C900B957BD /* FolderManager.swift in Sources */ = {isa = PBXBuildFile; fileRef = D30FA2F31D3B43C900B957BD /* FolderManager.swift */; };
		D30FA2F91D3C358700B957BD /* SettingsViewController.swift in Sources */ = {isa = PBXBuildFile; fileRef = D30FA2F81D3C358700B957BD /* SettingsViewController.swift */; };
		D30FA2FB1D3C359800B957BD /* Settings.xib in Resources */ = {isa = PBXBuildFile; fileRef = D30FA2FA1D3C359800B957BD /* Settings.xib */; };
		D30FA2FE1D3C35FB00B957BD /* ControllerFactory.swift in Sources */ = {isa = PBXBuildFile; fileRef = D30FA2FD1D3C35FB00B957BD /* ControllerFactory.swift */; };
		D30FA3041D3C3F3D00B957BD /* UserManager.swift in Sources */ = {isa = PBXBuildFile; fileRef = D30FA3031D3C3F3D00B957BD /* UserManager.swift */; };
		D30FA3081D3C8F1700B957BD /* HypeMachineService.swift in Sources */ = {isa = PBXBuildFile; fileRef = D30FA3071D3C8F1700B957BD /* HypeMachineService.swift */; };
		D30FA30B1D3C8F6A00B957BD /* HypeTrack.swift in Sources */ = {isa = PBXBuildFile; fileRef = D30FA30A1D3C8F6A00B957BD /* HypeTrack.swift */; };
		D30FA30F1D3CAB6700B957BD /* HypeTrackCell.xib in Resources */ = {isa = PBXBuildFile; fileRef = D30FA30E1D3CAB6700B957BD /* HypeTrackCell.xib */; };
		D30FA3111D3CAF2B00B957BD /* HypeTrackCell.swift in Sources */ = {isa = PBXBuildFile; fileRef = D30FA3101D3CAF2B00B957BD /* HypeTrackCell.swift */; };
		D32D51811D31B8D1004AFCAE /* AppDelegate.swift in Sources */ = {isa = PBXBuildFile; fileRef = D32D51801D31B8D1004AFCAE /* AppDelegate.swift */; };
		D32D51831D31B8D1004AFCAE /* MainViewController.swift in Sources */ = {isa = PBXBuildFile; fileRef = D32D51821D31B8D1004AFCAE /* MainViewController.swift */; };
		D32D51881D31B8D1004AFCAE /* Assets.xcassets in Resources */ = {isa = PBXBuildFile; fileRef = D32D51871D31B8D1004AFCAE /* Assets.xcassets */; };
		D32D518B1D31B8D1004AFCAE /* LaunchScreen.storyboard in Resources */ = {isa = PBXBuildFile; fileRef = D32D51891D31B8D1004AFCAE /* LaunchScreen.storyboard */; };
		D32D51961D31B8D1004AFCAE /* BeatDropNTests.swift in Sources */ = {isa = PBXBuildFile; fileRef = D32D51951D31B8D1004AFCAE /* BeatDropNTests.swift */; };
		D32D51A11D31B8D1004AFCAE /* BeatDropNUITests.swift in Sources */ = {isa = PBXBuildFile; fileRef = D32D51A01D31B8D1004AFCAE /* BeatDropNUITests.swift */; };
		D390E6641D3AF529002FBC77 /* Constants.swift in Sources */ = {isa = PBXBuildFile; fileRef = D390E6631D3AF529002FBC77 /* Constants.swift */; };
/* End PBXBuildFile section */

/* Begin PBXContainerItemProxy section */
		D32D51921D31B8D1004AFCAE /* PBXContainerItemProxy */ = {
			isa = PBXContainerItemProxy;
			containerPortal = D32D51751D31B8D1004AFCAE /* Project object */;
			proxyType = 1;
			remoteGlobalIDString = D32D517C1D31B8D1004AFCAE;
			remoteInfo = BeatDropN;
		};
		D32D519D1D31B8D1004AFCAE /* PBXContainerItemProxy */ = {
			isa = PBXContainerItemProxy;
			containerPortal = D32D51751D31B8D1004AFCAE /* Project object */;
			proxyType = 1;
			remoteGlobalIDString = D32D517C1D31B8D1004AFCAE;
			remoteInfo = BeatDropN;
		};
/* End PBXContainerItemProxy section */

/* Begin PBXFileReference section */
		305A7F570A2F152076360A95 /* Pods-BeatDropNUITests.release.xcconfig */ = {isa = PBXFileReference; includeInIndex = 1; lastKnownFileType = text.xcconfig; name = "Pods-BeatDropNUITests.release.xcconfig"; path = "Pods/Target Support Files/Pods-BeatDropNUITests/Pods-BeatDropNUITests.release.xcconfig"; sourceTree = "<group>"; };
		7C00029399236608529F0170 /* Pods-BeatDropNUITests.debug.xcconfig */ = {isa = PBXFileReference; includeInIndex = 1; lastKnownFileType = text.xcconfig; name = "Pods-BeatDropNUITests.debug.xcconfig"; path = "Pods/Target Support Files/Pods-BeatDropNUITests/Pods-BeatDropNUITests.debug.xcconfig"; sourceTree = "<group>"; };
		90B26F3FF299FBF4E759BEB8 /* Pods-BeatDropNTests.release.xcconfig */ = {isa = PBXFileReference; includeInIndex = 1; lastKnownFileType = text.xcconfig; name = "Pods-BeatDropNTests.release.xcconfig"; path = "Pods/Target Support Files/Pods-BeatDropNTests/Pods-BeatDropNTests.release.xcconfig"; sourceTree = "<group>"; };
		A064225987305BAF4BA1823D /* Pods-BeatDropN.debug.xcconfig */ = {isa = PBXFileReference; includeInIndex = 1; lastKnownFileType = text.xcconfig; name = "Pods-BeatDropN.debug.xcconfig"; path = "Pods/Target Support Files/Pods-BeatDropN/Pods-BeatDropN.debug.xcconfig"; sourceTree = "<group>"; };
		ACAE9111D7F47A53F446FAD7 /* Pods_BeatDropNUITests.framework */ = {isa = PBXFileReference; explicitFileType = wrapper.framework; includeInIndex = 0; path = Pods_BeatDropNUITests.framework; sourceTree = BUILT_PRODUCTS_DIR; };
		D10FA0965EB90C468399C60E /* Pods_BeatDropNTests.framework */ = {isa = PBXFileReference; explicitFileType = wrapper.framework; includeInIndex = 0; path = Pods_BeatDropNTests.framework; sourceTree = BUILT_PRODUCTS_DIR; };
		D30FA2EC1D3B3E1500B957BD /* AppStartupManager.swift */ = {isa = PBXFileReference; fileEncoding = 4; lastKnownFileType = sourcecode.swift; path = AppStartupManager.swift; sourceTree = "<group>"; };
		D30FA2F11D3B436200B957BD /* Main.xib */ = {isa = PBXFileReference; fileEncoding = 4; lastKnownFileType = file.xib; path = Main.xib; sourceTree = "<group>"; };
		D30FA2F31D3B43C900B957BD /* FolderManager.swift */ = {isa = PBXFileReference; fileEncoding = 4; lastKnownFileType = sourcecode.swift; path = FolderManager.swift; sourceTree = "<group>"; };
		D30FA2F81D3C358700B957BD /* SettingsViewController.swift */ = {isa = PBXFileReference; fileEncoding = 4; lastKnownFileType = sourcecode.swift; path = SettingsViewController.swift; sourceTree = "<group>"; };
		D30FA2FA1D3C359800B957BD /* Settings.xib */ = {isa = PBXFileReference; fileEncoding = 4; lastKnownFileType = file.xib; path = Settings.xib; sourceTree = "<group>"; };
		D30FA2FD1D3C35FB00B957BD /* ControllerFactory.swift */ = {isa = PBXFileReference; fileEncoding = 4; lastKnownFileType = sourcecode.swift; path = ControllerFactory.swift; sourceTree = "<group>"; };
		D30FA3031D3C3F3D00B957BD /* UserManager.swift */ = {isa = PBXFileReference; fileEncoding = 4; lastKnownFileType = sourcecode.swift; path = UserManager.swift; sourceTree = "<group>"; };
		D30FA3071D3C8F1700B957BD /* HypeMachineService.swift */ = {isa = PBXFileReference; fileEncoding = 4; lastKnownFileType = sourcecode.swift; path = HypeMachineService.swift; sourceTree = "<group>"; };
		D30FA30A1D3C8F6A00B957BD /* HypeTrack.swift */ = {isa = PBXFileReference; fileEncoding = 4; lastKnownFileType = sourcecode.swift; path = HypeTrack.swift; sourceTree = "<group>"; };
		D30FA30E1D3CAB6700B957BD /* HypeTrackCell.xib */ = {isa = PBXFileReference; fileEncoding = 4; lastKnownFileType = file.xib; path = HypeTrackCell.xib; sourceTree = "<group>"; };
		D30FA3101D3CAF2B00B957BD /* HypeTrackCell.swift */ = {isa = PBXFileReference; fileEncoding = 4; lastKnownFileType = sourcecode.swift; path = HypeTrackCell.swift; sourceTree = "<group>"; };
		D32D517D1D31B8D1004AFCAE /* BeatDropN.app */ = {isa = PBXFileReference; explicitFileType = wrapper.application; includeInIndex = 0; path = BeatDropN.app; sourceTree = BUILT_PRODUCTS_DIR; };
		D32D51801D31B8D1004AFCAE /* AppDelegate.swift */ = {isa = PBXFileReference; lastKnownFileType = sourcecode.swift; path = AppDelegate.swift; sourceTree = "<group>"; };
		D32D51821D31B8D1004AFCAE /* MainViewController.swift */ = {isa = PBXFileReference; lastKnownFileType = sourcecode.swift; path = MainViewController.swift; sourceTree = "<group>"; };
		D32D51871D31B8D1004AFCAE /* Assets.xcassets */ = {isa = PBXFileReference; lastKnownFileType = folder.assetcatalog; path = Assets.xcassets; sourceTree = "<group>"; };
		D32D518A1D31B8D1004AFCAE /* Base */ = {isa = PBXFileReference; lastKnownFileType = file.storyboard; name = Base; path = Base.lproj/LaunchScreen.storyboard; sourceTree = "<group>"; };
		D32D518C1D31B8D1004AFCAE /* Info.plist */ = {isa = PBXFileReference; lastKnownFileType = text.plist.xml; path = Info.plist; sourceTree = "<group>"; };
		D32D51911D31B8D1004AFCAE /* BeatDropNTests.xctest */ = {isa = PBXFileReference; explicitFileType = wrapper.cfbundle; includeInIndex = 0; path = BeatDropNTests.xctest; sourceTree = BUILT_PRODUCTS_DIR; };
		D32D51951D31B8D1004AFCAE /* BeatDropNTests.swift */ = {isa = PBXFileReference; lastKnownFileType = sourcecode.swift; path = BeatDropNTests.swift; sourceTree = "<group>"; };
		D32D51971D31B8D1004AFCAE /* Info.plist */ = {isa = PBXFileReference; lastKnownFileType = text.plist.xml; path = Info.plist; sourceTree = "<group>"; };
		D32D519C1D31B8D1004AFCAE /* BeatDropNUITests.xctest */ = {isa = PBXFileReference; explicitFileType = wrapper.cfbundle; includeInIndex = 0; path = BeatDropNUITests.xctest; sourceTree = BUILT_PRODUCTS_DIR; };
		D32D51A01D31B8D1004AFCAE /* BeatDropNUITests.swift */ = {isa = PBXFileReference; lastKnownFileType = sourcecode.swift; path = BeatDropNUITests.swift; sourceTree = "<group>"; };
		D32D51A21D31B8D1004AFCAE /* Info.plist */ = {isa = PBXFileReference; lastKnownFileType = text.plist.xml; path = Info.plist; sourceTree = "<group>"; };
		D390E6631D3AF529002FBC77 /* Constants.swift */ = {isa = PBXFileReference; fileEncoding = 4; lastKnownFileType = sourcecode.swift; path = Constants.swift; sourceTree = "<group>"; };
		DFB2BCD678CFAB666AE74D2A /* Pods-BeatDropNTests.debug.xcconfig */ = {isa = PBXFileReference; includeInIndex = 1; lastKnownFileType = text.xcconfig; name = "Pods-BeatDropNTests.debug.xcconfig"; path = "Pods/Target Support Files/Pods-BeatDropNTests/Pods-BeatDropNTests.debug.xcconfig"; sourceTree = "<group>"; };
		F8C82462D5C88F48A009C4E8 /* Pods_BeatDropN.framework */ = {isa = PBXFileReference; explicitFileType = wrapper.framework; includeInIndex = 0; path = Pods_BeatDropN.framework; sourceTree = BUILT_PRODUCTS_DIR; };
		FB3E8257F0C8BAB514217B2B /* Pods-BeatDropN.release.xcconfig */ = {isa = PBXFileReference; includeInIndex = 1; lastKnownFileType = text.xcconfig; name = "Pods-BeatDropN.release.xcconfig"; path = "Pods/Target Support Files/Pods-BeatDropN/Pods-BeatDropN.release.xcconfig"; sourceTree = "<group>"; };
/* End PBXFileReference section */

/* Begin PBXFrameworksBuildPhase section */
		D32D517A1D31B8D1004AFCAE /* Frameworks */ = {
			isa = PBXFrameworksBuildPhase;
			buildActionMask = 2147483647;
			files = (
				28CB6BA43F43C79EC960B35A /* Pods_BeatDropN.framework in Frameworks */,
			);
			runOnlyForDeploymentPostprocessing = 0;
		};
		D32D518E1D31B8D1004AFCAE /* Frameworks */ = {
			isa = PBXFrameworksBuildPhase;
			buildActionMask = 2147483647;
			files = (
				929BC2169F5CBE68D6BDE53D /* Pods_BeatDropNTests.framework in Frameworks */,
			);
			runOnlyForDeploymentPostprocessing = 0;
		};
		D32D51991D31B8D1004AFCAE /* Frameworks */ = {
			isa = PBXFrameworksBuildPhase;
			buildActionMask = 2147483647;
			files = (
				7A4E91F29CF0254D0304D9EB /* Pods_BeatDropNUITests.framework in Frameworks */,
			);
			runOnlyForDeploymentPostprocessing = 0;
		};
/* End PBXFrameworksBuildPhase section */

/* Begin PBXGroup section */
		8FA3F7C10672444C605FE9E5 /* Frameworks */ = {
			isa = PBXGroup;
			children = (
				F8C82462D5C88F48A009C4E8 /* Pods_BeatDropN.framework */,
				D10FA0965EB90C468399C60E /* Pods_BeatDropNTests.framework */,
				ACAE9111D7F47A53F446FAD7 /* Pods_BeatDropNUITests.framework */,
			);
			name = Frameworks;
			sourceTree = "<group>";
		};
		A1545CEE6AA2E7939495C481 /* Pods */ = {
			isa = PBXGroup;
			children = (
				A064225987305BAF4BA1823D /* Pods-BeatDropN.debug.xcconfig */,
				FB3E8257F0C8BAB514217B2B /* Pods-BeatDropN.release.xcconfig */,
				DFB2BCD678CFAB666AE74D2A /* Pods-BeatDropNTests.debug.xcconfig */,
				90B26F3FF299FBF4E759BEB8 /* Pods-BeatDropNTests.release.xcconfig */,
				7C00029399236608529F0170 /* Pods-BeatDropNUITests.debug.xcconfig */,
				305A7F570A2F152076360A95 /* Pods-BeatDropNUITests.release.xcconfig */,
			);
			name = Pods;
			sourceTree = "<group>";
		};
		D30FA2E91D3B2E5800B957BD /* App */ = {
			isa = PBXGroup;
			children = (
				D32D51801D31B8D1004AFCAE /* AppDelegate.swift */,
				D30FA2EC1D3B3E1500B957BD /* AppStartupManager.swift */,
			);
			name = App;
			sourceTree = "<group>";
		};
		D30FA2EE1D3B417600B957BD /* Views */ = {
			isa = PBXGroup;
			children = (
				D30FA2F11D3B436200B957BD /* Main.xib */,
				D30FA2FA1D3C359800B957BD /* Settings.xib */,
				D30FA30E1D3CAB6700B957BD /* HypeTrackCell.xib */,
				D30FA3101D3CAF2B00B957BD /* HypeTrackCell.swift */,
			);
			name = Views;
			sourceTree = "<group>";
		};
		D30FA2F51D3C319200B957BD /* Streams */ = {
			isa = PBXGroup;
			children = (
			);
			name = Streams;
			sourceTree = "<group>";
		};
		D30FA2FC1D3C35DF00B957BD /* Controllers */ = {
			isa = PBXGroup;
			children = (
				D30FA2FD1D3C35FB00B957BD /* ControllerFactory.swift */,
				D32D51821D31B8D1004AFCAE /* MainViewController.swift */,
				D30FA2F81D3C358700B957BD /* SettingsViewController.swift */,
			);
			name = Controllers;
			sourceTree = "<group>";
		};
		D30FA3091D3C8F5700B957BD /* Models */ = {
			isa = PBXGroup;
			children = (
				D30FA30A1D3C8F6A00B957BD /* HypeTrack.swift */,
			);
			name = Models;
			sourceTree = "<group>";
		};
		D32D51741D31B8D1004AFCAE = {
			isa = PBXGroup;
			children = (
				D32D517F1D31B8D1004AFCAE /* BeatDropN */,
				D32D51941D31B8D1004AFCAE /* BeatDropNTests */,
				D32D519F1D31B8D1004AFCAE /* BeatDropNUITests */,
				D32D517E1D31B8D1004AFCAE /* Products */,
				A1545CEE6AA2E7939495C481 /* Pods */,
				8FA3F7C10672444C605FE9E5 /* Frameworks */,
			);
			sourceTree = "<group>";
		};
		D32D517E1D31B8D1004AFCAE /* Products */ = {
			isa = PBXGroup;
			children = (
				D32D517D1D31B8D1004AFCAE /* BeatDropN.app */,
				D32D51911D31B8D1004AFCAE /* BeatDropNTests.xctest */,
				D32D519C1D31B8D1004AFCAE /* BeatDropNUITests.xctest */,
			);
			name = Products;
			sourceTree = "<group>";
		};
		D32D517F1D31B8D1004AFCAE /* BeatDropN */ = {
			isa = PBXGroup;
			children = (
				D30FA2E91D3B2E5800B957BD /* App */,
				D30FA2FC1D3C35DF00B957BD /* Controllers */,
				D30FA3091D3C8F5700B957BD /* Models */,
				D30FA2F51D3C319200B957BD /* Streams */,
				D30FA2EE1D3B417600B957BD /* Views */,
				D32D51871D31B8D1004AFCAE /* Assets.xcassets */,
				D32D51891D31B8D1004AFCAE /* LaunchScreen.storyboard */,
				D32D518C1D31B8D1004AFCAE /* Info.plist */,
				D390E6631D3AF529002FBC77 /* Constants.swift */,
				D30FA2F31D3B43C900B957BD /* FolderManager.swift */,
				D30FA3031D3C3F3D00B957BD /* UserManager.swift */,
				D30FA3071D3C8F1700B957BD /* HypeMachineService.swift */,
			);
			path = BeatDropN;
			sourceTree = "<group>";
		};
		D32D51941D31B8D1004AFCAE /* BeatDropNTests */ = {
			isa = PBXGroup;
			children = (
				D32D51951D31B8D1004AFCAE /* BeatDropNTests.swift */,
				D32D51971D31B8D1004AFCAE /* Info.plist */,
			);
			path = BeatDropNTests;
			sourceTree = "<group>";
		};
		D32D519F1D31B8D1004AFCAE /* BeatDropNUITests */ = {
			isa = PBXGroup;
			children = (
				D32D51A01D31B8D1004AFCAE /* BeatDropNUITests.swift */,
				D32D51A21D31B8D1004AFCAE /* Info.plist */,
			);
			path = BeatDropNUITests;
			sourceTree = "<group>";
		};
/* End PBXGroup section */

/* Begin PBXNativeTarget section */
		D32D517C1D31B8D1004AFCAE /* BeatDropN */ = {
			isa = PBXNativeTarget;
			buildConfigurationList = D32D51A51D31B8D1004AFCAE /* Build configuration list for PBXNativeTarget "BeatDropN" */;
			buildPhases = (
				13D8BA4FF54E92DACF14E631 /* [CP] Check Pods Manifest.lock */,
				D32D51791D31B8D1004AFCAE /* Sources */,
				D32D517A1D31B8D1004AFCAE /* Frameworks */,
				D32D517B1D31B8D1004AFCAE /* Resources */,
				4BFC2FEF4F4AEA59E0B57057 /* [CP] Embed Pods Frameworks */,
				BFAFC1C2408E6907FE59DEA6 /* [CP] Copy Pods Resources */,
			);
			buildRules = (
			);
			dependencies = (
			);
			name = BeatDropN;
			productName = BeatDropN;
			productReference = D32D517D1D31B8D1004AFCAE /* BeatDropN.app */;
			productType = "com.apple.product-type.application";
		};
		D32D51901D31B8D1004AFCAE /* BeatDropNTests */ = {
			isa = PBXNativeTarget;
			buildConfigurationList = D32D51A81D31B8D1004AFCAE /* Build configuration list for PBXNativeTarget "BeatDropNTests" */;
			buildPhases = (
				293D1C07D64B95F65BFE21CB /* [CP] Check Pods Manifest.lock */,
				D32D518D1D31B8D1004AFCAE /* Sources */,
				D32D518E1D31B8D1004AFCAE /* Frameworks */,
				D32D518F1D31B8D1004AFCAE /* Resources */,
				22BBCDA6C62614C7934A66C3 /* [CP] Embed Pods Frameworks */,
				D8FE82BE491A7E465F110FE2 /* [CP] Copy Pods Resources */,
			);
			buildRules = (
			);
			dependencies = (
				D32D51931D31B8D1004AFCAE /* PBXTargetDependency */,
			);
			name = BeatDropNTests;
			productName = BeatDropNTests;
			productReference = D32D51911D31B8D1004AFCAE /* BeatDropNTests.xctest */;
			productType = "com.apple.product-type.bundle.unit-test";
		};
		D32D519B1D31B8D1004AFCAE /* BeatDropNUITests */ = {
			isa = PBXNativeTarget;
			buildConfigurationList = D32D51AB1D31B8D1004AFCAE /* Build configuration list for PBXNativeTarget "BeatDropNUITests" */;
			buildPhases = (
				9E87D3378061E816AA0021E8 /* [CP] Check Pods Manifest.lock */,
				D32D51981D31B8D1004AFCAE /* Sources */,
				D32D51991D31B8D1004AFCAE /* Frameworks */,
				D32D519A1D31B8D1004AFCAE /* Resources */,
				14306F0C72B32138F780AE3A /* [CP] Copy Pods Resources */,
			);
			buildRules = (
			);
			dependencies = (
				D32D519E1D31B8D1004AFCAE /* PBXTargetDependency */,
			);
			name = BeatDropNUITests;
			productName = BeatDropNUITests;
			productReference = D32D519C1D31B8D1004AFCAE /* BeatDropNUITests.xctest */;
			productType = "com.apple.product-type.bundle.ui-testing";
		};
/* End PBXNativeTarget section */

/* Begin PBXProject section */
		D32D51751D31B8D1004AFCAE /* Project object */ = {
			isa = PBXProject;
			attributes = {
				LastSwiftUpdateCheck = 0730;
				LastUpgradeCheck = 0730;
				ORGANIZATIONNAME = bytLabs;
				TargetAttributes = {
					D32D517C1D31B8D1004AFCAE = {
						CreatedOnToolsVersion = 7.3.1;
					};
					D32D51901D31B8D1004AFCAE = {
						CreatedOnToolsVersion = 7.3.1;
						TestTargetID = D32D517C1D31B8D1004AFCAE;
					};
					D32D519B1D31B8D1004AFCAE = {
						CreatedOnToolsVersion = 7.3.1;
						TestTargetID = D32D517C1D31B8D1004AFCAE;
					};
				};
			};
			buildConfigurationList = D32D51781D31B8D1004AFCAE /* Build configuration list for PBXProject "BeatDropN" */;
			compatibilityVersion = "Xcode 3.2";
			developmentRegion = English;
			hasScannedForEncodings = 0;
			knownRegions = (
				en,
				Base,
			);
			mainGroup = D32D51741D31B8D1004AFCAE;
			productRefGroup = D32D517E1D31B8D1004AFCAE /* Products */;
			projectDirPath = "";
			projectRoot = "";
			targets = (
				D32D517C1D31B8D1004AFCAE /* BeatDropN */,
				D32D51901D31B8D1004AFCAE /* BeatDropNTests */,
				D32D519B1D31B8D1004AFCAE /* BeatDropNUITests */,
			);
		};
/* End PBXProject section */

/* Begin PBXResourcesBuildPhase section */
		D32D517B1D31B8D1004AFCAE /* Resources */ = {
			isa = PBXResourcesBuildPhase;
			buildActionMask = 2147483647;
			files = (
				D32D518B1D31B8D1004AFCAE /* LaunchScreen.storyboard in Resources */,
				D30FA30F1D3CAB6700B957BD /* HypeTrackCell.xib in Resources */,
				D30FA2F21D3B436200B957BD /* Main.xib in Resources */,
				D30FA2FB1D3C359800B957BD /* Settings.xib in Resources */,
				D32D51881D31B8D1004AFCAE /* Assets.xcassets in Resources */,
			);
			runOnlyForDeploymentPostprocessing = 0;
		};
		D32D518F1D31B8D1004AFCAE /* Resources */ = {
			isa = PBXResourcesBuildPhase;
			buildActionMask = 2147483647;
			files = (
			);
			runOnlyForDeploymentPostprocessing = 0;
		};
		D32D519A1D31B8D1004AFCAE /* Resources */ = {
			isa = PBXResourcesBuildPhase;
			buildActionMask = 2147483647;
			files = (
			);
			runOnlyForDeploymentPostprocessing = 0;
		};
/* End PBXResourcesBuildPhase section */

/* Begin PBXShellScriptBuildPhase section */
		13D8BA4FF54E92DACF14E631 /* [CP] Check Pods Manifest.lock */ = {
			isa = PBXShellScriptBuildPhase;
			buildActionMask = 2147483647;
			files = (
			);
			inputPaths = (
			);
			name = "[CP] Check Pods Manifest.lock";
			outputPaths = (
			);
			runOnlyForDeploymentPostprocessing = 0;
			shellPath = /bin/sh;
			shellScript = "diff \"${PODS_ROOT}/../Podfile.lock\" \"${PODS_ROOT}/Manifest.lock\" > /dev/null\nif [[ $? != 0 ]] ; then\n    cat << EOM\nerror: The sandbox is not in sync with the Podfile.lock. Run 'pod install' or update your CocoaPods installation.\nEOM\n    exit 1\nfi\n";
			showEnvVarsInLog = 0;
		};
		14306F0C72B32138F780AE3A /* [CP] Copy Pods Resources */ = {
			isa = PBXShellScriptBuildPhase;
			buildActionMask = 2147483647;
			files = (
			);
			inputPaths = (
			);
			name = "[CP] Copy Pods Resources";
			outputPaths = (
			);
			runOnlyForDeploymentPostprocessing = 0;
			shellPath = /bin/sh;
			shellScript = "\"${SRCROOT}/Pods/Target Support Files/Pods-BeatDropNUITests/Pods-BeatDropNUITests-resources.sh\"\n";
			showEnvVarsInLog = 0;
		};
		22BBCDA6C62614C7934A66C3 /* [CP] Embed Pods Frameworks */ = {
			isa = PBXShellScriptBuildPhase;
			buildActionMask = 2147483647;
			files = (
			);
			inputPaths = (
			);
			name = "[CP] Embed Pods Frameworks";
			outputPaths = (
			);
			runOnlyForDeploymentPostprocessing = 0;
			shellPath = /bin/sh;
			shellScript = "\"${SRCROOT}/Pods/Target Support Files/Pods-BeatDropNTests/Pods-BeatDropNTests-frameworks.sh\"\n";
			showEnvVarsInLog = 0;
		};
		293D1C07D64B95F65BFE21CB /* [CP] Check Pods Manifest.lock */ = {
			isa = PBXShellScriptBuildPhase;
			buildActionMask = 2147483647;
			files = (
			);
			inputPaths = (
			);
			name = "[CP] Check Pods Manifest.lock";
			outputPaths = (
			);
			runOnlyForDeploymentPostprocessing = 0;
			shellPath = /bin/sh;
			shellScript = "diff \"${PODS_ROOT}/../Podfile.lock\" \"${PODS_ROOT}/Manifest.lock\" > /dev/null\nif [[ $? != 0 ]] ; then\n    cat << EOM\nerror: The sandbox is not in sync with the Podfile.lock. Run 'pod install' or update your CocoaPods installation.\nEOM\n    exit 1\nfi\n";
			showEnvVarsInLog = 0;
		};
		4BFC2FEF4F4AEA59E0B57057 /* [CP] Embed Pods Frameworks */ = {
			isa = PBXShellScriptBuildPhase;
			buildActionMask = 2147483647;
			files = (
			);
			inputPaths = (
			);
			name = "[CP] Embed Pods Frameworks";
			outputPaths = (
			);
			runOnlyForDeploymentPostprocessing = 0;
			shellPath = /bin/sh;
			shellScript = "\"${SRCROOT}/Pods/Target Support Files/Pods-BeatDropN/Pods-BeatDropN-frameworks.sh\"\n";
			showEnvVarsInLog = 0;
		};
		9E87D3378061E816AA0021E8 /* [CP] Check Pods Manifest.lock */ = {
			isa = PBXShellScriptBuildPhase;
			buildActionMask = 2147483647;
			files = (
			);
			inputPaths = (
			);
			name = "[CP] Check Pods Manifest.lock";
			outputPaths = (
			);
			runOnlyForDeploymentPostprocessing = 0;
			shellPath = /bin/sh;
			shellScript = "diff \"${PODS_ROOT}/../Podfile.lock\" \"${PODS_ROOT}/Manifest.lock\" > /dev/null\nif [[ $? != 0 ]] ; then\n    cat << EOM\nerror: The sandbox is not in sync with the Podfile.lock. Run 'pod install' or update your CocoaPods installation.\nEOM\n    exit 1\nfi\n";
			showEnvVarsInLog = 0;
		};
		BFAFC1C2408E6907FE59DEA6 /* [CP] Copy Pods Resources */ = {
			isa = PBXShellScriptBuildPhase;
			buildActionMask = 2147483647;
			files = (
			);
			inputPaths = (
			);
			name = "[CP] Copy Pods Resources";
			outputPaths = (
			);
			runOnlyForDeploymentPostprocessing = 0;
			shellPath = /bin/sh;
			shellScript = "\"${SRCROOT}/Pods/Target Support Files/Pods-BeatDropN/Pods-BeatDropN-resources.sh\"\n";
			showEnvVarsInLog = 0;
		};
		D8FE82BE491A7E465F110FE2 /* [CP] Copy Pods Resources */ = {
			isa = PBXShellScriptBuildPhase;
			buildActionMask = 2147483647;
			files = (
			);
			inputPaths = (
			);
			name = "[CP] Copy Pods Resources";
			outputPaths = (
			);
			runOnlyForDeploymentPostprocessing = 0;
			shellPath = /bin/sh;
			shellScript = "\"${SRCROOT}/Pods/Target Support Files/Pods-BeatDropNTests/Pods-BeatDropNTests-resources.sh\"\n";
			showEnvVarsInLog = 0;
		};
/* End PBXShellScriptBuildPhase section */

/* Begin PBXSourcesBuildPhase section */
		D32D51791D31B8D1004AFCAE /* Sources */ = {
			isa = PBXSourcesBuildPhase;
			buildActionMask = 2147483647;
			files = (
				D30FA3041D3C3F3D00B957BD /* UserManager.swift in Sources */,
				D32D51831D31B8D1004AFCAE /* MainViewController.swift in Sources */,
				D30FA3081D3C8F1700B957BD /* HypeMachineService.swift in Sources */,
				D30FA2ED1D3B3E1500B957BD /* AppStartupManager.swift in Sources */,
				D30FA2F91D3C358700B957BD /* SettingsViewController.swift in Sources */,
				D30FA2F41D3B43C900B957BD /* FolderManager.swift in Sources */,
				D32D51811D31B8D1004AFCAE /* AppDelegate.swift in Sources */,
				D390E6641D3AF529002FBC77 /* Constants.swift in Sources */,
				D30FA2FE1D3C35FB00B957BD /* ControllerFactory.swift in Sources */,
				D30FA3111D3CAF2B00B957BD /* HypeTrackCell.swift in Sources */,
				D30FA30B1D3C8F6A00B957BD /* HypeTrack.swift in Sources */,
			);
			runOnlyForDeploymentPostprocessing = 0;
		};
		D32D518D1D31B8D1004AFCAE /* Sources */ = {
			isa = PBXSourcesBuildPhase;
			buildActionMask = 2147483647;
			files = (
				D32D51961D31B8D1004AFCAE /* BeatDropNTests.swift in Sources */,
			);
			runOnlyForDeploymentPostprocessing = 0;
		};
		D32D51981D31B8D1004AFCAE /* Sources */ = {
			isa = PBXSourcesBuildPhase;
			buildActionMask = 2147483647;
			files = (
				D32D51A11D31B8D1004AFCAE /* BeatDropNUITests.swift in Sources */,
			);
			runOnlyForDeploymentPostprocessing = 0;
		};
/* End PBXSourcesBuildPhase section */

/* Begin PBXTargetDependency section */
		D32D51931D31B8D1004AFCAE /* PBXTargetDependency */ = {
			isa = PBXTargetDependency;
			target = D32D517C1D31B8D1004AFCAE /* BeatDropN */;
			targetProxy = D32D51921D31B8D1004AFCAE /* PBXContainerItemProxy */;
		};
		D32D519E1D31B8D1004AFCAE /* PBXTargetDependency */ = {
			isa = PBXTargetDependency;
			target = D32D517C1D31B8D1004AFCAE /* BeatDropN */;
			targetProxy = D32D519D1D31B8D1004AFCAE /* PBXContainerItemProxy */;
		};
/* End PBXTargetDependency section */

/* Begin PBXVariantGroup section */
		D32D51891D31B8D1004AFCAE /* LaunchScreen.storyboard */ = {
			isa = PBXVariantGroup;
			children = (
				D32D518A1D31B8D1004AFCAE /* Base */,
			);
			name = LaunchScreen.storyboard;
			sourceTree = "<group>";
		};
/* End PBXVariantGroup section */

/* Begin XCBuildConfiguration section */
		D32D51A31D31B8D1004AFCAE /* Debug */ = {
			isa = XCBuildConfiguration;
			buildSettings = {
				ALWAYS_SEARCH_USER_PATHS = NO;
				CLANG_ANALYZER_NONNULL = YES;
				CLANG_CXX_LANGUAGE_STANDARD = "gnu++0x";
				CLANG_CXX_LIBRARY = "libc++";
				CLANG_ENABLE_MODULES = YES;
				CLANG_ENABLE_OBJC_ARC = YES;
				CLANG_WARN_BOOL_CONVERSION = YES;
				CLANG_WARN_CONSTANT_CONVERSION = YES;
				CLANG_WARN_DIRECT_OBJC_ISA_USAGE = YES_ERROR;
				CLANG_WARN_EMPTY_BODY = YES;
				CLANG_WARN_ENUM_CONVERSION = YES;
				CLANG_WARN_INT_CONVERSION = YES;
				CLANG_WARN_OBJC_ROOT_CLASS = YES_ERROR;
				CLANG_WARN_UNREACHABLE_CODE = YES;
				CLANG_WARN__DUPLICATE_METHOD_MATCH = YES;
				"CODE_SIGN_IDENTITY[sdk=iphoneos*]" = "iPhone Developer";
				COPY_PHASE_STRIP = NO;
				DEBUG_INFORMATION_FORMAT = dwarf;
				ENABLE_STRICT_OBJC_MSGSEND = YES;
				ENABLE_TESTABILITY = YES;
				GCC_C_LANGUAGE_STANDARD = gnu99;
				GCC_DYNAMIC_NO_PIC = NO;
				GCC_NO_COMMON_BLOCKS = YES;
				GCC_OPTIMIZATION_LEVEL = 0;
				GCC_PREPROCESSOR_DEFINITIONS = (
					"DEBUG=1",
					"$(inherited)",
				);
				GCC_WARN_64_TO_32_BIT_CONVERSION = YES;
				GCC_WARN_ABOUT_RETURN_TYPE = YES_ERROR;
				GCC_WARN_UNDECLARED_SELECTOR = YES;
				GCC_WARN_UNINITIALIZED_AUTOS = YES_AGGRESSIVE;
				GCC_WARN_UNUSED_FUNCTION = YES;
				GCC_WARN_UNUSED_VARIABLE = YES;
				IPHONEOS_DEPLOYMENT_TARGET = 9.3;
				MTL_ENABLE_DEBUG_INFO = YES;
				ONLY_ACTIVE_ARCH = YES;
				SDKROOT = iphoneos;
				SWIFT_OPTIMIZATION_LEVEL = "-Onone";
				TARGETED_DEVICE_FAMILY = "1,2";
			};
			name = Debug;
		};
		D32D51A41D31B8D1004AFCAE /* Release */ = {
			isa = XCBuildConfiguration;
			buildSettings = {
				ALWAYS_SEARCH_USER_PATHS = NO;
				CLANG_ANALYZER_NONNULL = YES;
				CLANG_CXX_LANGUAGE_STANDARD = "gnu++0x";
				CLANG_CXX_LIBRARY = "libc++";
				CLANG_ENABLE_MODULES = YES;
				CLANG_ENABLE_OBJC_ARC = YES;
				CLANG_WARN_BOOL_CONVERSION = YES;
				CLANG_WARN_CONSTANT_CONVERSION = YES;
				CLANG_WARN_DIRECT_OBJC_ISA_USAGE = YES_ERROR;
				CLANG_WARN_EMPTY_BODY = YES;
				CLANG_WARN_ENUM_CONVERSION = YES;
				CLANG_WARN_INT_CONVERSION = YES;
				CLANG_WARN_OBJC_ROOT_CLASS = YES_ERROR;
				CLANG_WARN_UNREACHABLE_CODE = YES;
				CLANG_WARN__DUPLICATE_METHOD_MATCH = YES;
				"CODE_SIGN_IDENTITY[sdk=iphoneos*]" = "iPhone Developer";
				COPY_PHASE_STRIP = NO;
				DEBUG_INFORMATION_FORMAT = "dwarf-with-dsym";
				ENABLE_NS_ASSERTIONS = NO;
				ENABLE_STRICT_OBJC_MSGSEND = YES;
				GCC_C_LANGUAGE_STANDARD = gnu99;
				GCC_NO_COMMON_BLOCKS = YES;
				GCC_WARN_64_TO_32_BIT_CONVERSION = YES;
				GCC_WARN_ABOUT_RETURN_TYPE = YES_ERROR;
				GCC_WARN_UNDECLARED_SELECTOR = YES;
				GCC_WARN_UNINITIALIZED_AUTOS = YES_AGGRESSIVE;
				GCC_WARN_UNUSED_FUNCTION = YES;
				GCC_WARN_UNUSED_VARIABLE = YES;
				IPHONEOS_DEPLOYMENT_TARGET = 9.3;
				MTL_ENABLE_DEBUG_INFO = NO;
				SDKROOT = iphoneos;
				TARGETED_DEVICE_FAMILY = "1,2";
				VALIDATE_PRODUCT = YES;
			};
			name = Release;
		};
		D32D51A61D31B8D1004AFCAE /* Debug */ = {
			isa = XCBuildConfiguration;
			baseConfigurationReference = A064225987305BAF4BA1823D /* Pods-BeatDropN.debug.xcconfig */;
			buildSettings = {
				ASSETCATALOG_COMPILER_APPICON_NAME = AppIcon;
				DEFINES_MODULE = YES;
				INFOPLIST_FILE = BeatDropN/Info.plist;
				LD_RUNPATH_SEARCH_PATHS = "$(inherited) @executable_path/Frameworks";
				PRODUCT_BUNDLE_IDENTIFIER = com.bytlabs.BeatDropN;
				PRODUCT_NAME = "$(TARGET_NAME)";
				SWIFT_OBJC_BRIDGING_HEADER = "";
			};
			name = Debug;
		};
		D32D51A71D31B8D1004AFCAE /* Release */ = {
			isa = XCBuildConfiguration;
			baseConfigurationReference = FB3E8257F0C8BAB514217B2B /* Pods-BeatDropN.release.xcconfig */;
			buildSettings = {
				ASSETCATALOG_COMPILER_APPICON_NAME = AppIcon;
				DEFINES_MODULE = YES;
				INFOPLIST_FILE = BeatDropN/Info.plist;
				LD_RUNPATH_SEARCH_PATHS = "$(inherited) @executable_path/Frameworks";
				PRODUCT_BUNDLE_IDENTIFIER = com.bytlabs.BeatDropN;
				PRODUCT_NAME = "$(TARGET_NAME)";
				SWIFT_OBJC_BRIDGING_HEADER = "";
			};
			name = Release;
		};
		D32D51A91D31B8D1004AFCAE /* Debug */ = {
			isa = XCBuildConfiguration;
			baseConfigurationReference = DFB2BCD678CFAB666AE74D2A /* Pods-BeatDropNTests.debug.xcconfig */;
			buildSettings = {
				BUNDLE_LOADER = "$(TEST_HOST)";
				INFOPLIST_FILE = BeatDropNTests/Info.plist;
				LD_RUNPATH_SEARCH_PATHS = "$(inherited) @executable_path/Frameworks @loader_path/Frameworks";
				PRODUCT_BUNDLE_IDENTIFIER = com.bytlabs.BeatDropNTests;
				PRODUCT_NAME = "$(TARGET_NAME)";
				TEST_HOST = "$(BUILT_PRODUCTS_DIR)/BeatDropN.app/BeatDropN";
			};
			name = Debug;
		};
		D32D51AA1D31B8D1004AFCAE /* Release */ = {
			isa = XCBuildConfiguration;
			baseConfigurationReference = 90B26F3FF299FBF4E759BEB8 /* Pods-BeatDropNTests.release.xcconfig */;
			buildSettings = {
				BUNDLE_LOADER = "$(TEST_HOST)";
				INFOPLIST_FILE = BeatDropNTests/Info.plist;
				LD_RUNPATH_SEARCH_PATHS = "$(inherited) @executable_path/Frameworks @loader_path/Frameworks";
				PRODUCT_BUNDLE_IDENTIFIER = com.bytlabs.BeatDropNTests;
				PRODUCT_NAME = "$(TARGET_NAME)";
				TEST_HOST = "$(BUILT_PRODUCTS_DIR)/BeatDropN.app/BeatDropN";
			};
			name = Release;
		};
		D32D51AC1D31B8D1004AFCAE /* Debug */ = {
			isa = XCBuildConfiguration;
			baseConfigurationReference = 7C00029399236608529F0170 /* Pods-BeatDropNUITests.debug.xcconfig */;
			buildSettings = {
				INFOPLIST_FILE = BeatDropNUITests/Info.plist;
				LD_RUNPATH_SEARCH_PATHS = "$(inherited) @executable_path/Frameworks @loader_path/Frameworks";
				PRODUCT_BUNDLE_IDENTIFIER = com.bytlabs.BeatDropNUITests;
				PRODUCT_NAME = "$(TARGET_NAME)";
				TEST_TARGET_NAME = BeatDropN;
			};
			name = Debug;
		};
		D32D51AD1D31B8D1004AFCAE /* Release */ = {
			isa = XCBuildConfiguration;
			baseConfigurationReference = 305A7F570A2F152076360A95 /* Pods-BeatDropNUITests.release.xcconfig */;
			buildSettings = {
				INFOPLIST_FILE = BeatDropNUITests/Info.plist;
				LD_RUNPATH_SEARCH_PATHS = "$(inherited) @executable_path/Frameworks @loader_path/Frameworks";
				PRODUCT_BUNDLE_IDENTIFIER = com.bytlabs.BeatDropNUITests;
				PRODUCT_NAME = "$(TARGET_NAME)";
				TEST_TARGET_NAME = BeatDropN;
			};
			name = Release;
		};
/* End XCBuildConfiguration section */

/* Begin XCConfigurationList section */
		D32D51781D31B8D1004AFCAE /* Build configuration list for PBXProject "BeatDropN" */ = {
			isa = XCConfigurationList;
			buildConfigurations = (
				D32D51A31D31B8D1004AFCAE /* Debug */,
				D32D51A41D31B8D1004AFCAE /* Release */,
			);
			defaultConfigurationIsVisible = 0;
			defaultConfigurationName = Release;
		};
		D32D51A51D31B8D1004AFCAE /* Build configuration list for PBXNativeTarget "BeatDropN" */ = {
			isa = XCConfigurationList;
			buildConfigurations = (
				D32D51A61D31B8D1004AFCAE /* Debug */,
				D32D51A71D31B8D1004AFCAE /* Release */,
			);
			defaultConfigurationIsVisible = 0;
			defaultConfigurationName = Release;
		};
		D32D51A81D31B8D1004AFCAE /* Build configuration list for PBXNativeTarget "BeatDropNTests" */ = {
			isa = XCConfigurationList;
			buildConfigurations = (
				D32D51A91D31B8D1004AFCAE /* Debug */,
				D32D51AA1D31B8D1004AFCAE /* Release */,
			);
			defaultConfigurationIsVisible = 0;
			defaultConfigurationName = Release;
		};
		D32D51AB1D31B8D1004AFCAE /* Build configuration list for PBXNativeTarget "BeatDropNUITests" */ = {
			isa = XCConfigurationList;
			buildConfigurations = (
				D32D51AC1D31B8D1004AFCAE /* Debug */,
				D32D51AD1D31B8D1004AFCAE /* Release */,
			);
			defaultConfigurationIsVisible = 0;
			defaultConfigurationName = Release;
		};
/* End XCConfigurationList section */
	};
	rootObject = D32D51751D31B8D1004AFCAE /* Project object */;
}
